
Microsoft Visual Studio Solution File, Format Version 12.00
# Visual Studio 15
VisualStudioVersion = 15.0.28307.168
MinimumVisualStudioVersion = 10.0.40219.1
Project("{FAE04EC0-301F-11D3-BF4B-00C04F79EFBC}") = "Lab_04", "Lab_04.csproj", "{DB31A565-C9BD-45FB-AA3C-3627FC6C953A}"
EndProject
Global
	GlobalSection(SolutionConfigurationPlatforms) = preSolution
		Debug|Any CPU = Debug|Any CPU
		Release|Any CPU = Release|Any CPU
	EndGlobalSection
	GlobalSection(ProjectConfigurationPlatforms) = postSolution
		{DB31A565-C9BD-45FB-AA3C-3627FC6C953A}.Debug|Any CPU.ActiveCfg = Debug|Any CPU
		{DB31A565-C9BD-45FB-AA3C-3627FC6C953A}.Debug|Any CPU.Build.0 = Debug|Any CPU
		{DB31A565-C9BD-45FB-AA3C-3627FC6C953A}.Release|Any CPU.ActiveCfg = Release|Any CPU
		{DB31A565-C9BD-45FB-AA3C-3627FC6C953A}.Release|Any CPU.Build.0 = Release|Any CPU
	EndGlobalSection
	GlobalSection(SolutionProperties) = preSolution
		HideSolutionNode = FALSE
	EndGlobalSection
	GlobalSection(ExtensibilityGlobals) = postSolution
		SolutionGuid = {4E39B92D-86DB-4797-9691-E71F6B9B2234}
	EndGlobalSection
EndGlobal
