
Microsoft Visual Studio Solution File, Format Version 12.00
# Visual Studio 15
VisualStudioVersion = 15.0.28307.168
MinimumVisualStudioVersion = 10.0.40219.1
Project("{FAE04EC0-301F-11D3-BF4B-00C04F79EFBC}") = "Lab_02", "..\Lab_02\Lab_02.csproj", "{1427C879-AFD3-4EE3-A70E-E7380E48DDE5}"
EndProject
Global
	GlobalSection(SolutionConfigurationPlatforms) = preSolution
		Debug|Any CPU = Debug|Any CPU
		Release|Any CPU = Release|Any CPU
	EndGlobalSection
	GlobalSection(ProjectConfigurationPlatforms) = postSolution
		{1427C879-AFD3-4EE3-A70E-E7380E48DDE5}.Debug|Any CPU.ActiveCfg = Debug|Any CPU
		{1427C879-AFD3-4EE3-A70E-E7380E48DDE5}.Debug|Any CPU.Build.0 = Debug|Any CPU
		{1427C879-AFD3-4EE3-A70E-E7380E48DDE5}.Release|Any CPU.ActiveCfg = Release|Any CPU
		{1427C879-AFD3-4EE3-A70E-E7380E48DDE5}.Release|Any CPU.Build.0 = Release|Any CPU
	EndGlobalSection
	GlobalSection(SolutionProperties) = preSolution
		HideSolutionNode = FALSE
	EndGlobalSection
	GlobalSection(ExtensibilityGlobals) = postSolution
		SolutionGuid = {C04B88E9-A862-4568-9D13-9A76AE15AFA1}
	EndGlobalSection
EndGlobal
