<<<<<<< HEAD
Microsoft Visual Studio Solution File, Format Version 12.00
# Visual Studio Version 17
VisualStudioVersion = 17.5.2.0
MinimumVisualStudioVersion = 10.0.40219.1
Project("{FAE04EC0-301F-11D3-BF4B-00C04F79EFBC}") = "Ouestion6", "Ouestion6.csproj", "{F830CC00-647D-113C-7F79-D4710FB05C88}"
EndProject
Global
	GlobalSection(SolutionConfigurationPlatforms) = preSolution
		Debug|Any CPU = Debug|Any CPU
		Release|Any CPU = Release|Any CPU
	EndGlobalSection
	GlobalSection(ProjectConfigurationPlatforms) = postSolution
		{F830CC00-647D-113C-7F79-D4710FB05C88}.Debug|Any CPU.ActiveCfg = Debug|Any CPU
		{F830CC00-647D-113C-7F79-D4710FB05C88}.Debug|Any CPU.Build.0 = Debug|Any CPU
		{F830CC00-647D-113C-7F79-D4710FB05C88}.Release|Any CPU.ActiveCfg = Release|Any CPU
		{F830CC00-647D-113C-7F79-D4710FB05C88}.Release|Any CPU.Build.0 = Release|Any CPU
	EndGlobalSection
	GlobalSection(SolutionProperties) = preSolution
		HideSolutionNode = FALSE
	EndGlobalSection
	GlobalSection(ExtensibilityGlobals) = postSolution
		SolutionGuid = {5D810FC7-9051-4DF0-B740-D648C985D7EC}
	EndGlobalSection
EndGlobal
=======
Microsoft Visual Studio Solution File, Format Version 12.00
# Visual Studio Version 17
VisualStudioVersion = 17.5.2.0
MinimumVisualStudioVersion = 10.0.40219.1
Project("{FAE04EC0-301F-11D3-BF4B-00C04F79EFBC}") = "Ouestion6", "Ouestion6.csproj", "{F830CC00-647D-113C-7F79-D4710FB05C88}"
EndProject
Global
	GlobalSection(SolutionConfigurationPlatforms) = preSolution
		Debug|Any CPU = Debug|Any CPU
		Release|Any CPU = Release|Any CPU
	EndGlobalSection
	GlobalSection(ProjectConfigurationPlatforms) = postSolution
		{F830CC00-647D-113C-7F79-D4710FB05C88}.Debug|Any CPU.ActiveCfg = Debug|Any CPU
		{F830CC00-647D-113C-7F79-D4710FB05C88}.Debug|Any CPU.Build.0 = Debug|Any CPU
		{F830CC00-647D-113C-7F79-D4710FB05C88}.Release|Any CPU.ActiveCfg = Release|Any CPU
		{F830CC00-647D-113C-7F79-D4710FB05C88}.Release|Any CPU.Build.0 = Release|Any CPU
	EndGlobalSection
	GlobalSection(SolutionProperties) = preSolution
		HideSolutionNode = FALSE
	EndGlobalSection
	GlobalSection(ExtensibilityGlobals) = postSolution
		SolutionGuid = {5D810FC7-9051-4DF0-B740-D648C985D7EC}
	EndGlobalSection
EndGlobal
>>>>>>> f3cfdb9a1fcfbbbb31602ebe70d5d75133a143e6
