Microsoft Visual Studio Solution File, Format Version 12.00
# Visual Studio Version 17
VisualStudioVersion = 17.5.2.0
MinimumVisualStudioVersion = 10.0.40219.1
Project("{FAE04EC0-301F-11D3-BF4B-00C04F79EFBC}") = "SmartBank", "SmartBank.csproj", "{B9B10427-CFBD-88A7-2C0A-E786A2260004}"
EndProject
Global
	GlobalSection(SolutionConfigurationPlatforms) = preSolution
		Debug|Any CPU = Debug|Any CPU
		Release|Any CPU = Release|Any CPU
	EndGlobalSection
	GlobalSection(ProjectConfigurationPlatforms) = postSolution
		{B9B10427-CFBD-88A7-2C0A-E786A2260004}.Debug|Any CPU.ActiveCfg = Debug|Any CPU
		{B9B10427-CFBD-88A7-2C0A-E786A2260004}.Debug|Any CPU.Build.0 = Debug|Any CPU
		{B9B10427-CFBD-88A7-2C0A-E786A2260004}.Release|Any CPU.ActiveCfg = Release|Any CPU
		{B9B10427-CFBD-88A7-2C0A-E786A2260004}.Release|Any CPU.Build.0 = Release|Any CPU
	EndGlobalSection
	GlobalSection(SolutionProperties) = preSolution
		HideSolutionNode = FALSE
	EndGlobalSection
	GlobalSection(ExtensibilityGlobals) = postSolution
		SolutionGuid = {74562C60-61A9-43AE-B56A-3C44D75B955B}
	EndGlobalSection
EndGlobal
