Microsoft Visual Studio Solution File, Format Version 12.00
# Visual Studio Version 17
VisualStudioVersion = 17.5.2.0
MinimumVisualStudioVersion = 10.0.40219.1
Project("{FAE04EC0-301F-11D3-BF4B-00C04F79EFBC}") = "DemoOnCollection", "DemoOnCollection.csproj", "{4CD4141C-910F-4AC5-8E11-95E38A87F508}"
EndProject
Global
	GlobalSection(SolutionConfigurationPlatforms) = preSolution
		Debug|Any CPU = Debug|Any CPU
		Release|Any CPU = Release|Any CPU
	EndGlobalSection
	GlobalSection(ProjectConfigurationPlatforms) = postSolution
		{4CD4141C-910F-4AC5-8E11-95E38A87F508}.Debug|Any CPU.ActiveCfg = Debug|Any CPU
		{4CD4141C-910F-4AC5-8E11-95E38A87F508}.Debug|Any CPU.Build.0 = Debug|Any CPU
		{4CD4141C-910F-4AC5-8E11-95E38A87F508}.Release|Any CPU.ActiveCfg = Release|Any CPU
		{4CD4141C-910F-4AC5-8E11-95E38A87F508}.Release|Any CPU.Build.0 = Release|Any CPU
	EndGlobalSection
	GlobalSection(SolutionProperties) = preSolution
		HideSolutionNode = FALSE
	EndGlobalSection
	GlobalSection(ExtensibilityGlobals) = postSolution
		SolutionGuid = {2673C55D-5F28-48EF-BDE2-B13564B86BD5}
	EndGlobalSection
EndGlobal
