Microsoft Visual Studio Solution File, Format Version 12.00
# Visual Studio Version 17
VisualStudioVersion = 17.5.2.0
MinimumVisualStudioVersion = 10.0.40219.1
Project("{FAE04EC0-301F-11D3-BF4B-00C04F79EFBC}") = "MovieStock", "MovieStock\MovieStock.csproj", "{B7A6FE09-14CF-2C58-AB64-C04A2513312E}"
EndProject
Global
	GlobalSection(SolutionConfigurationPlatforms) = preSolution
		Debug|Any CPU = Debug|Any CPU
		Release|Any CPU = Release|Any CPU
	EndGlobalSection
	GlobalSection(ProjectConfigurationPlatforms) = postSolution
		{B7A6FE09-14CF-2C58-AB64-C04A2513312E}.Debug|Any CPU.ActiveCfg = Debug|Any CPU
		{B7A6FE09-14CF-2C58-AB64-C04A2513312E}.Debug|Any CPU.Build.0 = Debug|Any CPU
		{B7A6FE09-14CF-2C58-AB64-C04A2513312E}.Release|Any CPU.ActiveCfg = Release|Any CPU
		{B7A6FE09-14CF-2C58-AB64-C04A2513312E}.Release|Any CPU.Build.0 = Release|Any CPU
	EndGlobalSection
	GlobalSection(SolutionProperties) = preSolution
		HideSolutionNode = FALSE
	EndGlobalSection
	GlobalSection(ExtensibilityGlobals) = postSolution
		SolutionGuid = {BB255883-D05A-4827-AAC0-47A2CB1F987C}
	EndGlobalSection
EndGlobal
