Microsoft Visual Studio Solution File, Format Version 12.00
# Visual Studio Version 17
VisualStudioVersion = 17.5.2.0
MinimumVisualStudioVersion = 10.0.40219.1
Project("{FAE04EC0-301F-11D3-BF4B-00C04F79EFBC}") = "GreatestCommonDivisor", "GreatestCommonDivisor.csproj", "{02BB640B-A549-9A92-7C58-7B803B7E34F9}"
EndProject
Global
	GlobalSection(SolutionConfigurationPlatforms) = preSolution
		Debug|Any CPU = Debug|Any CPU
		Release|Any CPU = Release|Any CPU
	EndGlobalSection
	GlobalSection(ProjectConfigurationPlatforms) = postSolution
		{02BB640B-A549-9A92-7C58-7B803B7E34F9}.Debug|Any CPU.ActiveCfg = Debug|Any CPU
		{02BB640B-A549-9A92-7C58-7B803B7E34F9}.Debug|Any CPU.Build.0 = Debug|Any CPU
		{02BB640B-A549-9A92-7C58-7B803B7E34F9}.Release|Any CPU.ActiveCfg = Release|Any CPU
		{02BB640B-A549-9A92-7C58-7B803B7E34F9}.Release|Any CPU.Build.0 = Release|Any CPU
	EndGlobalSection
	GlobalSection(SolutionProperties) = preSolution
		HideSolutionNode = FALSE
	EndGlobalSection
	GlobalSection(ExtensibilityGlobals) = postSolution
		SolutionGuid = {B43D7822-6833-4811-AA3A-1786981D7082}
	EndGlobalSection
EndGlobal
