Microsoft Visual Studio Solution File, Format Version 12.00
# Visual Studio Version 17
VisualStudioVersion = 17.5.2.0
MinimumVisualStudioVersion = 10.0.40219.1
Project("{FAE04EC0-301F-11D3-BF4B-00C04F79EFBC}") = "EventDrivenPhoneCall", "EventDrivenPhoneCall.csproj", "{5E36CAF1-E7C1-C29C-5AD4-1BF14E306BD8}"
EndProject
Global
	GlobalSection(SolutionConfigurationPlatforms) = preSolution
		Debug|Any CPU = Debug|Any CPU
		Release|Any CPU = Release|Any CPU
	EndGlobalSection
	GlobalSection(ProjectConfigurationPlatforms) = postSolution
		{5E36CAF1-E7C1-C29C-5AD4-1BF14E306BD8}.Debug|Any CPU.ActiveCfg = Debug|Any CPU
		{5E36CAF1-E7C1-C29C-5AD4-1BF14E306BD8}.Debug|Any CPU.Build.0 = Debug|Any CPU
		{5E36CAF1-E7C1-C29C-5AD4-1BF14E306BD8}.Release|Any CPU.ActiveCfg = Release|Any CPU
		{5E36CAF1-E7C1-C29C-5AD4-1BF14E306BD8}.Release|Any CPU.Build.0 = Release|Any CPU
	EndGlobalSection
	GlobalSection(SolutionProperties) = preSolution
		HideSolutionNode = FALSE
	EndGlobalSection
	GlobalSection(ExtensibilityGlobals) = postSolution
		SolutionGuid = {172A6C0D-DA0E-48A6-B287-2D945944365F}
	EndGlobalSection
EndGlobal
