Microsoft Visual Studio Solution File, Format Version 12.00
# Visual Studio Version 17
VisualStudioVersion = 17.5.2.0
MinimumVisualStudioVersion = 10.0.40219.1
Project("{FAE04EC0-301F-11D3-BF4B-00C04F79EFBC}") = "DisplayHeight", "DisplayHeight.csproj", "{577F2724-9467-CD24-01E1-1F97D4695660}"
EndProject
Global
	GlobalSection(SolutionConfigurationPlatforms) = preSolution
		Debug|Any CPU = Debug|Any CPU
		Release|Any CPU = Release|Any CPU
	EndGlobalSection
	GlobalSection(ProjectConfigurationPlatforms) = postSolution
		{577F2724-9467-CD24-01E1-1F97D4695660}.Debug|Any CPU.ActiveCfg = Debug|Any CPU
		{577F2724-9467-CD24-01E1-1F97D4695660}.Debug|Any CPU.Build.0 = Debug|Any CPU
		{577F2724-9467-CD24-01E1-1F97D4695660}.Release|Any CPU.ActiveCfg = Release|Any CPU
		{577F2724-9467-CD24-01E1-1F97D4695660}.Release|Any CPU.Build.0 = Release|Any CPU
	EndGlobalSection
	GlobalSection(SolutionProperties) = preSolution
		HideSolutionNode = FALSE
	EndGlobalSection
	GlobalSection(ExtensibilityGlobals) = postSolution
		SolutionGuid = {7959A2C7-B229-43D2-A264-F5AD457CB047}
	EndGlobalSection
EndGlobal
